// !$*UTF8*$!
{
	archiveVersion = 1;
	classes = {
	};
	objectVersion = 50;
	objects = {

/* Begin PBXBuildFile section */
		F71DBB3725BF5A0900285A99 /* main.c in Sources */ = {isa = PBXBuildFile; fileRef = F71DBB3225BF5A0900285A99 /* main.c */; };
		F71DBB3825BF5A0900285A99 /* Makefile in Sources */ = {isa = PBXBuildFile; fileRef = F71DBB3325BF5A0900285A99 /* Makefile */; };
		F71DBB3925BF5A0900285A99 /* functions.c in Sources */ = {isa = PBXBuildFile; fileRef = F71DBB3525BF5A0900285A99 /* functions.c */; };
/* End PBXBuildFile section */

/* Begin PBXCopyFilesBuildPhase section */
		F71DBB2225BF599600285A99 /* CopyFiles */ = {
			isa = PBXCopyFilesBuildPhase;
			buildActionMask = 2147483647;
			dstPath = /usr/share/man/man1/;
			dstSubfolderSpec = 0;
			files = (
			);
			runOnlyForDeploymentPostprocessing = 1;
		};
/* End PBXCopyFilesBuildPhase section */

/* Begin PBXFileReference section */
		F71DBB2425BF599600285A99 /* xCodeVer */ = {isa = PBXFileReference; explicitFileType = "compiled.mach-o.executable"; includeInIndex = 0; path = xCodeVer; sourceTree = BUILT_PRODUCTS_DIR; };
		F71DBB2F25BF59B900285A99 /* Cexemples */ = {isa = PBXFileReference; lastKnownFileType = folder; name = Cexemples; path = ../../..; sourceTree = "<group>"; };
		F71DBB3225BF5A0900285A99 /* main.c */ = {isa = PBXFileReference; fileEncoding = 4; lastKnownFileType = sourcecode.c.c; name = main.c; path = ../../../main.c; sourceTree = "<group>"; };
		F71DBB3325BF5A0900285A99 /* Makefile */ = {isa = PBXFileReference; fileEncoding = 4; lastKnownFileType = sourcecode.make; name = Makefile; path = ../../../Makefile; sourceTree = "<group>"; };
		F71DBB3425BF5A0900285A99 /* functions.h */ = {isa = PBXFileReference; fileEncoding = 4; lastKnownFileType = sourcecode.c.h; name = functions.h; path = ../../../functions.h; sourceTree = "<group>"; };
		F71DBB3525BF5A0900285A99 /* functions.c */ = {isa = PBXFileReference; fileEncoding = 4; lastKnownFileType = sourcecode.c.c; name = functions.c; path = ../../../functions.c; sourceTree = "<group>"; };
		F71DBB3625BF5A0900285A99 /* main */ = {isa = PBXFileReference; lastKnownFileType = "compiled.mach-o.executable"; name = main; path = ../../../main; sourceTree = "<group>"; };
/* End PBXFileReference section */

/* Begin PBXFrameworksBuildPhase section */
		F71DBB2125BF599600285A99 /* Frameworks */ = {
			isa = PBXFrameworksBuildPhase;
			buildActionMask = 2147483647;
			files = (
			);
			runOnlyForDeploymentPostprocessing = 0;
		};
/* End PBXFrameworksBuildPhase section */

/* Begin PBXGroup section */
		F71DBB1B25BF599600285A99 = {
			isa = PBXGroup;
			children = (
				F71DBB2625BF599600285A99 /* xCodeVer */,
				F71DBB2525BF599600285A99 /* Products */,
			);
			sourceTree = "<group>";
		};
		F71DBB2525BF599600285A99 /* Products */ = {
			isa = PBXGroup;
			children = (
				F71DBB2425BF599600285A99 /* xCodeVer */,
			);
			name = Products;
			sourceTree = "<group>";
		};
		F71DBB2625BF599600285A99 /* xCodeVer */ = {
			isa = PBXGroup;
			children = (
				F71DBB3525BF5A0900285A99 /* functions.c */,
				F71DBB3425BF5A0900285A99 /* functions.h */,
				F71DBB3625BF5A0900285A99 /* main */,
				F71DBB3225BF5A0900285A99 /* main.c */,
				F71DBB3325BF5A0900285A99 /* Makefile */,
				F71DBB2F25BF59B900285A99 /* Cexemples */,
			);
			path = xCodeVer;
			sourceTree = "<group>";
		};
/* End PBXGroup section */

/* Begin PBXNativeTarget section */
		F71DBB2325BF599600285A99 /* xCodeVer */ = {
			isa = PBXNativeTarget;
			buildConfigurationList = F71DBB2B25BF599600285A99 /* Build configuration list for PBXNativeTarget "xCodeVer" */;
			buildPhases = (
				F71DBB2025BF599600285A99 /* Sources */,
				F71DBB2125BF599600285A99 /* Frameworks */,
				F71DBB2225BF599600285A99 /* CopyFiles */,
			);
			buildRules = (
			);
			dependencies = (
			);
			name = xCodeVer;
			productName = xCodeVer;
			productReference = F71DBB2425BF599600285A99 /* xCodeVer */;
			productType = "com.apple.product-type.tool";
		};
/* End PBXNativeTarget section */

/* Begin PBXProject section */
		F71DBB1C25BF599600285A99 /* Project object */ = {
			isa = PBXProject;
			attributes = {
				LastUpgradeCheck = 1230;
				TargetAttributes = {
					F71DBB2325BF599600285A99 = {
						CreatedOnToolsVersion = 12.3;
					};
				};
			};
			buildConfigurationList = F71DBB1F25BF599600285A99 /* Build configuration list for PBXProject "xCodeVer" */;
			compatibilityVersion = "Xcode 9.3";
			developmentRegion = en;
			hasScannedForEncodings = 0;
			knownRegions = (
				en,
				Base,
			);
			mainGroup = F71DBB1B25BF599600285A99;
			productRefGroup = F71DBB2525BF599600285A99 /* Products */;
			projectDirPath = "";
			projectRoot = "";
			targets = (
				F71DBB2325BF599600285A99 /* xCodeVer */,
			);
		};
/* End PBXProject section */

/* Begin PBXSourcesBuildPhase section */
		F71DBB2025BF599600285A99 /* Sources */ = {
			isa = PBXSourcesBuildPhase;
			buildActionMask = 2147483647;
			files = (
				F71DBB3825BF5A0900285A99 /* Makefile in Sources */,
				F71DBB3925BF5A0900285A99 /* functions.c in Sources */,
				F71DBB3725BF5A0900285A99 /* main.c in Sources */,
			);
			runOnlyForDeploymentPostprocessing = 0;
		};
/* End PBXSourcesBuildPhase section */

/* Begin XCBuildConfiguration section */
		F71DBB2925BF599600285A99 /* Debug */ = {
			isa = XCBuildConfiguration;
			buildSettings = {
				ALWAYS_SEARCH_USER_PATHS = NO;
				CLANG_ANALYZER_NONNULL = YES;
				CLANG_ANALYZER_NUMBER_OBJECT_CONVERSION = YES_AGGRESSIVE;
				CLANG_CXX_LANGUAGE_STANDARD = "gnu++14";
				CLANG_CXX_LIBRARY = "libc++";
				CLANG_ENABLE_MODULES = YES;
				CLANG_ENABLE_OBJC_ARC = YES;
				CLANG_ENABLE_OBJC_WEAK = YES;
				CLANG_WARN_BLOCK_CAPTURE_AUTORELEASING = YES;
				CLANG_WARN_BOOL_CONVERSION = YES;
				CLANG_WARN_COMMA = YES;
				CLANG_WARN_CONSTANT_CONVERSION = YES;
				CLANG_WARN_DEPRECATED_OBJC_IMPLEMENTATIONS = YES;
				CLANG_WARN_DIRECT_OBJC_ISA_USAGE = YES_ERROR;
				CLANG_WARN_DOCUMENTATION_COMMENTS = YES;
				CLANG_WARN_EMPTY_BODY = YES;
				CLANG_WARN_ENUM_CONVERSION = YES;
				CLANG_WARN_INFINITE_RECURSION = YES;
				CLANG_WARN_INT_CONVERSION = YES;
				CLANG_WARN_NON_LITERAL_NULL_CONVERSION = YES;
				CLANG_WARN_OBJC_IMPLICIT_RETAIN_SELF = YES;
				CLANG_WARN_OBJC_LITERAL_CONVERSION = YES;
				CLANG_WARN_OBJC_ROOT_CLASS = YES_ERROR;
				CLANG_WARN_QUOTED_INCLUDE_IN_FRAMEWORK_HEADER = YES;
				CLANG_WARN_RANGE_LOOP_ANALYSIS = YES;
				CLANG_WARN_STRICT_PROTOTYPES = YES;
				CLANG_WARN_SUSPICIOUS_MOVE = YES;
				CLANG_WARN_UNGUARDED_AVAILABILITY = YES_AGGRESSIVE;
				CLANG_WARN_UNREACHABLE_CODE = YES;
				CLANG_WARN__DUPLICATE_METHOD_MATCH = YES;
				COPY_PHASE_STRIP = NO;
				DEBUG_INFORMATION_FORMAT = dwarf;
				ENABLE_STRICT_OBJC_MSGSEND = YES;
				ENABLE_TESTABILITY = YES;
				GCC_C_LANGUAGE_STANDARD = gnu11;
				GCC_DYNAMIC_NO_PIC = NO;
				GCC_NO_COMMON_BLOCKS = YES;
				GCC_OPTIMIZATION_LEVEL = 0;
				GCC_PREPROCESSOR_DEFINITIONS = (
					"DEBUG=1",
					"$(inherited)",
				);
				GCC_WARN_64_TO_32_BIT_CONVERSION = YES;
				GCC_WARN_ABOUT_RETURN_TYPE = YES_ERROR;
				GCC_WARN_UNDECLARED_SELECTOR = YES;
				GCC_WARN_UNINITIALIZED_AUTOS = YES_AGGRESSIVE;
				GCC_WARN_UNUSED_FUNCTION = YES;
				GCC_WARN_UNUSED_VARIABLE = YES;
				MACOSX_DEPLOYMENT_TARGET = 11.1;
				MTL_ENABLE_DEBUG_INFO = INCLUDE_SOURCE;
				MTL_FAST_MATH = YES;
				ONLY_ACTIVE_ARCH = YES;
				SDKROOT = macosx;
			};
			name = Debug;
		};
		F71DBB2A25BF599600285A99 /* Release */ = {
			isa = XCBuildConfiguration;
			buildSettings = {
				ALWAYS_SEARCH_USER_PATHS = NO;
				CLANG_ANALYZER_NONNULL = YES;
				CLANG_ANALYZER_NUMBER_OBJECT_CONVERSION = YES_AGGRESSIVE;
				CLANG_CXX_LANGUAGE_STANDARD = "gnu++14";
				CLANG_CXX_LIBRARY = "libc++";
				CLANG_ENABLE_MODULES = YES;
				CLANG_ENABLE_OBJC_ARC = YES;
				CLANG_ENABLE_OBJC_WEAK = YES;
				CLANG_WARN_BLOCK_CAPTURE_AUTORELEASING = YES;
				CLANG_WARN_BOOL_CONVERSION = YES;
				CLANG_WARN_COMMA = YES;
				CLANG_WARN_CONSTANT_CONVERSION = YES;
				CLANG_WARN_DEPRECATED_OBJC_IMPLEMENTATIONS = YES;
				CLANG_WARN_DIRECT_OBJC_ISA_USAGE = YES_ERROR;
				CLANG_WARN_DOCUMENTATION_COMMENTS = YES;
				CLANG_WARN_EMPTY_BODY = YES;
				CLANG_WARN_ENUM_CONVERSION = YES;
				CLANG_WARN_INFINITE_RECURSION = YES;
				CLANG_WARN_INT_CONVERSION = YES;
				CLANG_WARN_NON_LITERAL_NULL_CONVERSION = YES;
				CLANG_WARN_OBJC_IMPLICIT_RETAIN_SELF = YES;
				CLANG_WARN_OBJC_LITERAL_CONVERSION = YES;
				CLANG_WARN_OBJC_ROOT_CLASS = YES_ERROR;
				CLANG_WARN_QUOTED_INCLUDE_IN_FRAMEWORK_HEADER = YES;
				CLANG_WARN_RANGE_LOOP_ANALYSIS = YES;
				CLANG_WARN_STRICT_PROTOTYPES = YES;
				CLANG_WARN_SUSPICIOUS_MOVE = YES;
				CLANG_WARN_UNGUARDED_AVAILABILITY = YES_AGGRESSIVE;
				CLANG_WARN_UNREACHABLE_CODE = YES;
				CLANG_WARN__DUPLICATE_METHOD_MATCH = YES;
				COPY_PHASE_STRIP = NO;
				DEBUG_INFORMATION_FORMAT = "dwarf-with-dsym";
				ENABLE_NS_ASSERTIONS = NO;
				ENABLE_STRICT_OBJC_MSGSEND = YES;
				GCC_C_LANGUAGE_STANDARD = gnu11;
				GCC_NO_COMMON_BLOCKS = YES;
				GCC_WARN_64_TO_32_BIT_CONVERSION = YES;
				GCC_WARN_ABOUT_RETURN_TYPE = YES_ERROR;
				GCC_WARN_UNDECLARED_SELECTOR = YES;
				GCC_WARN_UNINITIALIZED_AUTOS = YES_AGGRESSIVE;
				GCC_WARN_UNUSED_FUNCTION = YES;
				GCC_WARN_UNUSED_VARIABLE = YES;
				MACOSX_DEPLOYMENT_TARGET = 11.1;
				MTL_ENABLE_DEBUG_INFO = NO;
				MTL_FAST_MATH = YES;
				SDKROOT = macosx;
			};
			name = Release;
		};
		F71DBB2C25BF599600285A99 /* Debug */ = {
			isa = XCBuildConfiguration;
			buildSettings = {
				CODE_SIGN_STYLE = Automatic;
				PRODUCT_NAME = "$(TARGET_NAME)";
			};
			name = Debug;
		};
		F71DBB2D25BF599600285A99 /* Release */ = {
			isa = XCBuildConfiguration;
			buildSettings = {
				CODE_SIGN_STYLE = Automatic;
				PRODUCT_NAME = "$(TARGET_NAME)";
			};
			name = Release;
		};
/* End XCBuildConfiguration section */

/* Begin XCConfigurationList section */
		F71DBB1F25BF599600285A99 /* Build configuration list for PBXProject "xCodeVer" */ = {
			isa = XCConfigurationList;
			buildConfigurations = (
				F71DBB2925BF599600285A99 /* Debug */,
				F71DBB2A25BF599600285A99 /* Release */,
			);
			defaultConfigurationIsVisible = 0;
			defaultConfigurationName = Release;
		};
		F71DBB2B25BF599600285A99 /* Build configuration list for PBXNativeTarget "xCodeVer" */ = {
			isa = XCConfigurationList;
			buildConfigurations = (
				F71DBB2C25BF599600285A99 /* Debug */,
				F71DBB2D25BF599600285A99 /* Release */,
			);
			defaultConfigurationIsVisible = 0;
			defaultConfigurationName = Release;
		};
/* End XCConfigurationList section */
	};
	rootObject = F71DBB1C25BF599600285A99 /* Project object */;
}
